
Microsoft Visual Studio Solution File, Format Version 12.00
# Visual Studio 15
VisualStudioVersion = 15.0.26730.10
MinimumVisualStudioVersion = 10.0.40219.1
Project("{FAE04EC0-301F-11D3-BF4B-00C04F79EFBC}") = "SchoolSafeID", "WpfApplication1\SchoolSafeID.csproj", "{CF02998C-E189-4504-8469-23D618060214}"
EndProject
Global
	GlobalSection(SolutionConfigurationPlatforms) = preSolution
		Debug|Any CPU = Debug|Any CPU
		Debug|x64 = Debug|x64
		Release|Any CPU = Release|Any CPU
		Release|x64 = Release|x64
	EndGlobalSection
	GlobalSection(ProjectConfigurationPlatforms) = postSolution
		{CF02998C-E189-4504-8469-23D618060214}.Debug|Any CPU.ActiveCfg = Debug|Any CPU
		{CF02998C-E189-4504-8469-23D618060214}.Debug|Any CPU.Build.0 = Debug|Any CPU
		{CF02998C-E189-4504-8469-23D618060214}.Debug|x64.ActiveCfg = Debug|x64
		{CF02998C-E189-4504-8469-23D618060214}.Debug|x64.Build.0 = Debug|x64
		{CF02998C-E189-4504-8469-23D618060214}.Release|Any CPU.ActiveCfg = Release|Any CPU
		{CF02998C-E189-4504-8469-23D618060214}.Release|Any CPU.Build.0 = Release|Any CPU
		{CF02998C-E189-4504-8469-23D618060214}.Release|x64.ActiveCfg = Release|x64
		{CF02998C-E189-4504-8469-23D618060214}.Release|x64.Build.0 = Release|x64
	EndGlobalSection
	GlobalSection(SolutionProperties) = preSolution
		HideSolutionNode = FALSE
	EndGlobalSection
	GlobalSection(ExtensibilityGlobals) = postSolution
		SolutionGuid = {D45BDCD1-FB1D-445B-B067-8E84E97B184C}
	EndGlobalSection
EndGlobal
